
Microsoft Visual Studio Solution File, Format Version 12.00
# Visual Studio Version 17
VisualStudioVersion = 17.14.37531.7 d17.14
MinimumVisualStudioVersion = 10.0.40219.1
Project("{FAE04EC0-301F-11D3-BF4B-00C04F79EFBC}") = "CoffeeNChill.Functions", "CoffeeNChill.Functions\CoffeeNChill.Functions.csproj", "{DFAE8132-357F-4D9B-8100-4DFB1B0D31A0}"
EndProject
Global
	GlobalSection(SolutionConfigurationPlatforms) = preSolution
		Debug|Any CPU = Debug|Any CPU
		Release|Any CPU = Release|Any CPU
	EndGlobalSection
	GlobalSection(ProjectConfigurationPlatforms) = postSolution
		{DFAE8132-357F-4D9B-8100-4DFB1B0D31A0}.Debug|Any CPU.ActiveCfg = Debug|Any CPU
		{DFAE8132-357F-4D9B-8100-4DFB1B0D31A0}.Debug|Any CPU.Build.0 = Debug|Any CPU
		{DFAE8132-357F-4D9B-8100-4DFB1B0D31A0}.Release|Any CPU.ActiveCfg = Release|Any CPU
		{DFAE8132-357F-4D9B-8100-4DFB1B0D31A0}.Release|Any CPU.Build.0 = Release|Any CPU
	EndGlobalSection
	GlobalSection(SolutionProperties) = preSolution
		HideSolutionNode = FALSE
	EndGlobalSection
	GlobalSection(ExtensibilityGlobals) = postSolution
		SolutionGuid = {AB7F61AD-1650-4CEA-97C0-FF975C172D23}
	EndGlobalSection
EndGlobal
